// !$*UTF8*$!
{
	archiveVersion = 1;
	classes = {
	};
	objectVersion = 56;
	objects = {

/* Begin PBXBuildFile section */
		1704676C2C62D7A400104536 /* VerificationData.swift in Sources */ = {isa = PBXBuildFile; fileRef = 1704676B2C62D7A400104536 /* VerificationData.swift */; };
		172B2D6A2C6144CC00D37DDA /* Localizable.xcstrings in Resources */ = {isa = PBXBuildFile; fileRef = 172B2D692C6144CC00D37DDA /* Localizable.xcstrings */; };
		176160CF2C611FE600F588EE /* SF-Pro-Display-Black.otf in Resources */ = {isa = PBXBuildFile; fileRef = 176160BB2C611FE600F588EE /* SF-Pro-Display-Black.otf */; };
		176160D02C611FE600F588EE /* SF-Pro-Display-BlackItalic.otf in Resources */ = {isa = PBXBuildFile; fileRef = 176160BC2C611FE600F588EE /* SF-Pro-Display-BlackItalic.otf */; };
		176160D12C611FE600F588EE /* SF-Pro-Display-Bold.otf in Resources */ = {isa = PBXBuildFile; fileRef = 176160BD2C611FE600F588EE /* SF-Pro-Display-Bold.otf */; };
		176160D22C611FE600F588EE /* SF-Pro-Display-BoldItalic.otf in Resources */ = {isa = PBXBuildFile; fileRef = 176160BE2C611FE600F588EE /* SF-Pro-Display-BoldItalic.otf */; };
		176160D32C611FE600F588EE /* SF-Pro-Display-Heavy.otf in Resources */ = {isa = PBXBuildFile; fileRef = 176160BF2C611FE600F588EE /* SF-Pro-Display-Heavy.otf */; };
		176160D42C611FE600F588EE /* SF-Pro-Display-HeavyItalic.otf in Resources */ = {isa = PBXBuildFile; fileRef = 176160C02C611FE600F588EE /* SF-Pro-Display-HeavyItalic.otf */; };
		176160D52C611FE600F588EE /* SF-Pro-Display-Light.otf in Resources */ = {isa = PBXBuildFile; fileRef = 176160C12C611FE600F588EE /* SF-Pro-Display-Light.otf */; };
		176160D62C611FE600F588EE /* SF-Pro-Display-LightItalic.otf in Resources */ = {isa = PBXBuildFile; fileRef = 176160C22C611FE600F588EE /* SF-Pro-Display-LightItalic.otf */; };
		176160D72C611FE600F588EE /* SF-Pro-Display-Medium.otf in Resources */ = {isa = PBXBuildFile; fileRef = 176160C32C611FE600F588EE /* SF-Pro-Display-Medium.otf */; };
		176160D82C611FE600F588EE /* SF-Pro-Display-MediumItalic.otf in Resources */ = {isa = PBXBuildFile; fileRef = 176160C42C611FE600F588EE /* SF-Pro-Display-MediumItalic.otf */; };
		176160D92C611FE600F588EE /* SF-Pro-Display-Regular.otf in Resources */ = {isa = PBXBuildFile; fileRef = 176160C52C611FE600F588EE /* SF-Pro-Display-Regular.otf */; };
		176160DA2C611FE600F588EE /* SF-Pro-Display-RegularItalic.otf in Resources */ = {isa = PBXBuildFile; fileRef = 176160C62C611FE600F588EE /* SF-Pro-Display-RegularItalic.otf */; };
		176160DB2C611FE600F588EE /* SF-Pro-Display-Semibold.otf in Resources */ = {isa = PBXBuildFile; fileRef = 176160C72C611FE600F588EE /* SF-Pro-Display-Semibold.otf */; };
		176160DC2C611FE600F588EE /* SF-Pro-Display-SemiboldItalic.otf in Resources */ = {isa = PBXBuildFile; fileRef = 176160C82C611FE600F588EE /* SF-Pro-Display-SemiboldItalic.otf */; };
		176160DD2C611FE600F588EE /* SF-Pro-Display-Thin.otf in Resources */ = {isa = PBXBuildFile; fileRef = 176160C92C611FE600F588EE /* SF-Pro-Display-Thin.otf */; };
		176160DE2C611FE600F588EE /* SF-Pro-Display-ThinItalic.otf in Resources */ = {isa = PBXBuildFile; fileRef = 176160CA2C611FE600F588EE /* SF-Pro-Display-ThinItalic.otf */; };
		176160DF2C611FE600F588EE /* SF-Pro-Display-Ultralight.otf in Resources */ = {isa = PBXBuildFile; fileRef = 176160CB2C611FE600F588EE /* SF-Pro-Display-Ultralight.otf */; };
		176160E02C611FE600F588EE /* SF-Pro-Display-UltralightItalic.otf in Resources */ = {isa = PBXBuildFile; fileRef = 176160CC2C611FE600F588EE /* SF-Pro-Display-UltralightItalic.otf */; };
		17EDD7052C60F8090078AE25 /* Preview Assets.xcassets in Resources */ = {isa = PBXBuildFile; fileRef = 17EDD7042C60F8090078AE25 /* Preview Assets.xcassets */; };
		17EDD7562C60F83C0078AE25 /* Contact.swift in Sources */ = {isa = PBXBuildFile; fileRef = 17EDD70B2C60F8390078AE25 /* Contact.swift */; };
		17EDD7572C60F83C0078AE25 /* ContentSection.swift in Sources */ = {isa = PBXBuildFile; fileRef = 17EDD70C2C60F8390078AE25 /* ContentSection.swift */; };
		17EDD7582C60F83C0078AE25 /* Country.swift in Sources */ = {isa = PBXBuildFile; fileRef = 17EDD70D2C60F8390078AE25 /* Country.swift */; };
		17EDD7592C60F83C0078AE25 /* NavigationItem.swift in Sources */ = {isa = PBXBuildFile; fileRef = 17EDD70E2C60F8390078AE25 /* NavigationItem.swift */; };
		17EDD75A2C60F83C0078AE25 /* Tab.swift in Sources */ = {isa = PBXBuildFile; fileRef = 17EDD70F2C60F8390078AE25 /* Tab.swift */; };
		17EDD75B2C60F83C0078AE25 /* User.swift in Sources */ = {isa = PBXBuildFile; fileRef = 17EDD7102C60F8390078AE25 /* User.swift */; };
		17EDD76E2C60F83C0078AE25 /* ChatsView.swift in Sources */ = {isa = PBXBuildFile; fileRef = 17EDD7262C60F83B0078AE25 /* ChatsView.swift */; };
		17EDD76F2C60F83C0078AE25 /* ContactDetailsView.swift in Sources */ = {isa = PBXBuildFile; fileRef = 17EDD7282C60F83B0078AE25 /* ContactDetailsView.swift */; };
		17EDD7702C60F83C0078AE25 /* ContactRowView.swift in Sources */ = {isa = PBXBuildFile; fileRef = 17EDD7292C60F83B0078AE25 /* ContactRowView.swift */; };
		17EDD7712C60F83C0078AE25 /* ContactsView.swift in Sources */ = {isa = PBXBuildFile; fileRef = 17EDD72A2C60F83B0078AE25 /* ContactsView.swift */; };
		17EDD7722C60F83C0078AE25 /* MoreView.swift in Sources */ = {isa = PBXBuildFile; fileRef = 17EDD72C2C60F83B0078AE25 /* MoreView.swift */; };
		17EDD7732C60F83C0078AE25 /* PrimaryView.swift in Sources */ = {isa = PBXBuildFile; fileRef = 17EDD72E2C60F83B0078AE25 /* PrimaryView.swift */; };
		17EDD7742C60F83C0078AE25 /* CodeDigitView.swift in Sources */ = {isa = PBXBuildFile; fileRef = 17EDD7302C60F83B0078AE25 /* CodeDigitView.swift */; };
		17EDD7752C60F83C0078AE25 /* CountryPickerView.swift in Sources */ = {isa = PBXBuildFile; fileRef = 17EDD7312C60F83B0078AE25 /* CountryPickerView.swift */; };
		17EDD7762C60F83C0078AE25 /* PrivacyPolicyView.swift in Sources */ = {isa = PBXBuildFile; fileRef = 17EDD7322C60F83B0078AE25 /* PrivacyPolicyView.swift */; };
		17EDD7772C60F83C0078AE25 /* ProfileAccountView.swift in Sources */ = {isa = PBXBuildFile; fileRef = 17EDD7332C60F83B0078AE25 /* ProfileAccountView.swift */; };
		17EDD7782C60F83C0078AE25 /* TermsOfUseView.swift in Sources */ = {isa = PBXBuildFile; fileRef = 17EDD7342C60F83B0078AE25 /* TermsOfUseView.swift */; };
		17EDD7792C60F83C0078AE25 /* VerificationCodeView.swift in Sources */ = {isa = PBXBuildFile; fileRef = 17EDD7352C60F83B0078AE25 /* VerificationCodeView.swift */; };
		17EDD77A2C60F83C0078AE25 /* VerificationPhoneView.swift in Sources */ = {isa = PBXBuildFile; fileRef = 17EDD7362C60F83B0078AE25 /* VerificationPhoneView.swift */; };
		17EDD77B2C60F83C0078AE25 /* WalkthroughView.swift in Sources */ = {isa = PBXBuildFile; fileRef = 17EDD7372C60F83B0078AE25 /* WalkthroughView.swift */; };
		17EDD77C2C60F83C0078AE25 /* Assets.xcassets in Resources */ = {isa = PBXBuildFile; fileRef = 17EDD73A2C60F83B0078AE25 /* Assets.xcassets */; };
		17EDD77D2C60F83C0078AE25 /* OpenChatsIntent.swift in Sources */ = {isa = PBXBuildFile; fileRef = 17EDD73B2C60F83B0078AE25 /* OpenChatsIntent.swift */; };
		17EDD77E2C60F83C0078AE25 /* OpenChatsShortcuts.swift in Sources */ = {isa = PBXBuildFile; fileRef = 17EDD73C2C60F83B0078AE25 /* OpenChatsShortcuts.swift */; };
		17EDD77F2C60F83C0078AE25 /* Font+.swift in Sources */ = {isa = PBXBuildFile; fileRef = 17EDD73E2C60F83B0078AE25 /* Font+.swift */; };
		17EDD7802C60F83C0078AE25 /* MessengerApp.swift in Sources */ = {isa = PBXBuildFile; fileRef = 17EDD7422C60F83B0078AE25 /* MessengerApp.swift */; };
		17EDD7812C60F83C0078AE25 /* AppState.swift in Sources */ = {isa = PBXBuildFile; fileRef = 17EDD7432C60F83B0078AE25 /* AppState.swift */; };
		17EDD7822C60F83C0078AE25 /* Logger.swift in Sources */ = {isa = PBXBuildFile; fileRef = 17EDD7442C60F83B0078AE25 /* Logger.swift */; };
		17EDD7832C60F83C0078AE25 /* Router.swift in Sources */ = {isa = PBXBuildFile; fileRef = 17EDD7452C60F83B0078AE25 /* Router.swift */; };
		17EDD7842C60F83C0078AE25 /* ContactDetailsViewModel.swift in Sources */ = {isa = PBXBuildFile; fileRef = 17EDD7472C60F83C0078AE25 /* ContactDetailsViewModel.swift */; };
		17EDD7852C60F83C0078AE25 /* ContactRowViewModel.swift in Sources */ = {isa = PBXBuildFile; fileRef = 17EDD7482C60F83C0078AE25 /* ContactRowViewModel.swift */; };
		17EDD7862C60F83C0078AE25 /* ContactsViewModel.swift in Sources */ = {isa = PBXBuildFile; fileRef = 17EDD7492C60F83C0078AE25 /* ContactsViewModel.swift */; };
		17EDD7872C60F83C0078AE25 /* CountryPickerViewModel.swift in Sources */ = {isa = PBXBuildFile; fileRef = 17EDD74C2C60F83C0078AE25 /* CountryPickerViewModel.swift */; };
		17EDD7882C60F83C0078AE25 /* PrivacyPolicyViewModel.swift in Sources */ = {isa = PBXBuildFile; fileRef = 17EDD74D2C60F83C0078AE25 /* PrivacyPolicyViewModel.swift */; };
		17EDD7892C60F83C0078AE25 /* ProfileAccountViewModel.swift in Sources */ = {isa = PBXBuildFile; fileRef = 17EDD74E2C60F83C0078AE25 /* ProfileAccountViewModel.swift */; };
		17EDD78A2C60F83C0078AE25 /* TermsOfUseViewModel.swift in Sources */ = {isa = PBXBuildFile; fileRef = 17EDD74F2C60F83C0078AE25 /* TermsOfUseViewModel.swift */; };
		17EDD78B2C60F83C0078AE25 /* VerificationCodeViewModel.swift in Sources */ = {isa = PBXBuildFile; fileRef = 17EDD7502C60F83C0078AE25 /* VerificationCodeViewModel.swift */; };
		17EDD78C2C60F83C0078AE25 /* VerificationPhoneViewModel.swift in Sources */ = {isa = PBXBuildFile; fileRef = 17EDD7512C60F83C0078AE25 /* VerificationPhoneViewModel.swift */; };
		17EDD78D2C60F83C0078AE25 /* WalkthroughViewModel.swift in Sources */ = {isa = PBXBuildFile; fileRef = 17EDD7522C60F83C0078AE25 /* WalkthroughViewModel.swift */; };
		17EDD78E2C60F83C0078AE25 /* ContentView.swift in Sources */ = {isa = PBXBuildFile; fileRef = 17EDD7552C60F83C0078AE25 /* ContentView.swift */; };
/* End PBXBuildFile section */

/* Begin PBXFileReference section */
		1704676B2C62D7A400104536 /* VerificationData.swift */ = {isa = PBXFileReference; lastKnownFileType = sourcecode.swift; path = VerificationData.swift; sourceTree = "<group>"; };
		172B2D692C6144CC00D37DDA /* Localizable.xcstrings */ = {isa = PBXFileReference; fileEncoding = 4; lastKnownFileType = text.json.xcstrings; path = Localizable.xcstrings; sourceTree = "<group>"; };
		176160BB2C611FE600F588EE /* SF-Pro-Display-Black.otf */ = {isa = PBXFileReference; lastKnownFileType = file; path = "SF-Pro-Display-Black.otf"; sourceTree = "<group>"; };
		176160BC2C611FE600F588EE /* SF-Pro-Display-BlackItalic.otf */ = {isa = PBXFileReference; lastKnownFileType = file; path = "SF-Pro-Display-BlackItalic.otf"; sourceTree = "<group>"; };
		176160BD2C611FE600F588EE /* SF-Pro-Display-Bold.otf */ = {isa = PBXFileReference; lastKnownFileType = file; path = "SF-Pro-Display-Bold.otf"; sourceTree = "<group>"; };
		176160BE2C611FE600F588EE /* SF-Pro-Display-BoldItalic.otf */ = {isa = PBXFileReference; lastKnownFileType = file; path = "SF-Pro-Display-BoldItalic.otf"; sourceTree = "<group>"; };
		176160BF2C611FE600F588EE /* SF-Pro-Display-Heavy.otf */ = {isa = PBXFileReference; lastKnownFileType = file; path = "SF-Pro-Display-Heavy.otf"; sourceTree = "<group>"; };
		176160C02C611FE600F588EE /* SF-Pro-Display-HeavyItalic.otf */ = {isa = PBXFileReference; lastKnownFileType = file; path = "SF-Pro-Display-HeavyItalic.otf"; sourceTree = "<group>"; };
		176160C12C611FE600F588EE /* SF-Pro-Display-Light.otf */ = {isa = PBXFileReference; lastKnownFileType = file; path = "SF-Pro-Display-Light.otf"; sourceTree = "<group>"; };
		176160C22C611FE600F588EE /* SF-Pro-Display-LightItalic.otf */ = {isa = PBXFileReference; lastKnownFileType = file; path = "SF-Pro-Display-LightItalic.otf"; sourceTree = "<group>"; };
		176160C32C611FE600F588EE /* SF-Pro-Display-Medium.otf */ = {isa = PBXFileReference; lastKnownFileType = file; path = "SF-Pro-Display-Medium.otf"; sourceTree = "<group>"; };
		176160C42C611FE600F588EE /* SF-Pro-Display-MediumItalic.otf */ = {isa = PBXFileReference; lastKnownFileType = file; path = "SF-Pro-Display-MediumItalic.otf"; sourceTree = "<group>"; };
		176160C52C611FE600F588EE /* SF-Pro-Display-Regular.otf */ = {isa = PBXFileReference; lastKnownFileType = file; path = "SF-Pro-Display-Regular.otf"; sourceTree = "<group>"; };
		176160C62C611FE600F588EE /* SF-Pro-Display-RegularItalic.otf */ = {isa = PBXFileReference; lastKnownFileType = file; path = "SF-Pro-Display-RegularItalic.otf"; sourceTree = "<group>"; };
		176160C72C611FE600F588EE /* SF-Pro-Display-Semibold.otf */ = {isa = PBXFileReference; lastKnownFileType = file; path = "SF-Pro-Display-Semibold.otf"; sourceTree = "<group>"; };
		176160C82C611FE600F588EE /* SF-Pro-Display-SemiboldItalic.otf */ = {isa = PBXFileReference; lastKnownFileType = file; path = "SF-Pro-Display-SemiboldItalic.otf"; sourceTree = "<group>"; };
		176160C92C611FE600F588EE /* SF-Pro-Display-Thin.otf */ = {isa = PBXFileReference; lastKnownFileType = file; path = "SF-Pro-Display-Thin.otf"; sourceTree = "<group>"; };
		176160CA2C611FE600F588EE /* SF-Pro-Display-ThinItalic.otf */ = {isa = PBXFileReference; lastKnownFileType = file; path = "SF-Pro-Display-ThinItalic.otf"; sourceTree = "<group>"; };
		176160CB2C611FE600F588EE /* SF-Pro-Display-Ultralight.otf */ = {isa = PBXFileReference; lastKnownFileType = file; path = "SF-Pro-Display-Ultralight.otf"; sourceTree = "<group>"; };
		176160CC2C611FE600F588EE /* SF-Pro-Display-UltralightItalic.otf */ = {isa = PBXFileReference; lastKnownFileType = file; path = "SF-Pro-Display-UltralightItalic.otf"; sourceTree = "<group>"; };
		17EDD6FA2C60F8080078AE25 /* Messenger.app */ = {isa = PBXFileReference; explicitFileType = wrapper.application; includeInIndex = 0; path = Messenger.app; sourceTree = BUILT_PRODUCTS_DIR; };
		17EDD7042C60F8090078AE25 /* Preview Assets.xcassets */ = {isa = PBXFileReference; lastKnownFileType = folder.assetcatalog; path = "Preview Assets.xcassets"; sourceTree = "<group>"; };
		17EDD70B2C60F8390078AE25 /* Contact.swift */ = {isa = PBXFileReference; fileEncoding = 4; lastKnownFileType = sourcecode.swift; path = Contact.swift; sourceTree = "<group>"; };
		17EDD70C2C60F8390078AE25 /* ContentSection.swift */ = {isa = PBXFileReference; fileEncoding = 4; lastKnownFileType = sourcecode.swift; path = ContentSection.swift; sourceTree = "<group>"; };
		17EDD70D2C60F8390078AE25 /* Country.swift */ = {isa = PBXFileReference; fileEncoding = 4; lastKnownFileType = sourcecode.swift; path = Country.swift; sourceTree = "<group>"; };
		17EDD70E2C60F8390078AE25 /* NavigationItem.swift */ = {isa = PBXFileReference; fileEncoding = 4; lastKnownFileType = sourcecode.swift; path = NavigationItem.swift; sourceTree = "<group>"; };
		17EDD70F2C60F8390078AE25 /* Tab.swift */ = {isa = PBXFileReference; fileEncoding = 4; lastKnownFileType = sourcecode.swift; path = Tab.swift; sourceTree = "<group>"; };
		17EDD7102C60F8390078AE25 /* User.swift */ = {isa = PBXFileReference; fileEncoding = 4; lastKnownFileType = sourcecode.swift; path = User.swift; sourceTree = "<group>"; };
		17EDD7262C60F83B0078AE25 /* ChatsView.swift */ = {isa = PBXFileReference; fileEncoding = 4; lastKnownFileType = sourcecode.swift; path = ChatsView.swift; sourceTree = "<group>"; };
		17EDD7282C60F83B0078AE25 /* ContactDetailsView.swift */ = {isa = PBXFileReference; fileEncoding = 4; lastKnownFileType = sourcecode.swift; path = ContactDetailsView.swift; sourceTree = "<group>"; };
		17EDD7292C60F83B0078AE25 /* ContactRowView.swift */ = {isa = PBXFileReference; fileEncoding = 4; lastKnownFileType = sourcecode.swift; path = ContactRowView.swift; sourceTree = "<group>"; };
		17EDD72A2C60F83B0078AE25 /* ContactsView.swift */ = {isa = PBXFileReference; fileEncoding = 4; lastKnownFileType = sourcecode.swift; path = ContactsView.swift; sourceTree = "<group>"; };
		17EDD72C2C60F83B0078AE25 /* MoreView.swift */ = {isa = PBXFileReference; fileEncoding = 4; lastKnownFileType = sourcecode.swift; path = MoreView.swift; sourceTree = "<group>"; };
		17EDD72E2C60F83B0078AE25 /* PrimaryView.swift */ = {isa = PBXFileReference; fileEncoding = 4; lastKnownFileType = sourcecode.swift; path = PrimaryView.swift; sourceTree = "<group>"; };
		17EDD7302C60F83B0078AE25 /* CodeDigitView.swift */ = {isa = PBXFileReference; fileEncoding = 4; lastKnownFileType = sourcecode.swift; path = CodeDigitView.swift; sourceTree = "<group>"; };
		17EDD7312C60F83B0078AE25 /* CountryPickerView.swift */ = {isa = PBXFileReference; fileEncoding = 4; lastKnownFileType = sourcecode.swift; path = CountryPickerView.swift; sourceTree = "<group>"; };
		17EDD7322C60F83B0078AE25 /* PrivacyPolicyView.swift */ = {isa = PBXFileReference; fileEncoding = 4; lastKnownFileType = sourcecode.swift; path = PrivacyPolicyView.swift; sourceTree = "<group>"; };
		17EDD7332C60F83B0078AE25 /* ProfileAccountView.swift */ = {isa = PBXFileReference; fileEncoding = 4; lastKnownFileType = sourcecode.swift; path = ProfileAccountView.swift; sourceTree = "<group>"; };
		17EDD7342C60F83B0078AE25 /* TermsOfUseView.swift */ = {isa = PBXFileReference; fileEncoding = 4; lastKnownFileType = sourcecode.swift; path = TermsOfUseView.swift; sourceTree = "<group>"; };
		17EDD7352C60F83B0078AE25 /* VerificationCodeView.swift */ = {isa = PBXFileReference; fileEncoding = 4; lastKnownFileType = sourcecode.swift; path = VerificationCodeView.swift; sourceTree = "<group>"; };
		17EDD7362C60F83B0078AE25 /* VerificationPhoneView.swift */ = {isa = PBXFileReference; fileEncoding = 4; lastKnownFileType = sourcecode.swift; path = VerificationPhoneView.swift; sourceTree = "<group>"; };
		17EDD7372C60F83B0078AE25 /* WalkthroughView.swift */ = {isa = PBXFileReference; fileEncoding = 4; lastKnownFileType = sourcecode.swift; path = WalkthroughView.swift; sourceTree = "<group>"; };
		17EDD73A2C60F83B0078AE25 /* Assets.xcassets */ = {isa = PBXFileReference; lastKnownFileType = folder.assetcatalog; path = Assets.xcassets; sourceTree = "<group>"; };
		17EDD73B2C60F83B0078AE25 /* OpenChatsIntent.swift */ = {isa = PBXFileReference; fileEncoding = 4; lastKnownFileType = sourcecode.swift; path = OpenChatsIntent.swift; sourceTree = "<group>"; };
		17EDD73C2C60F83B0078AE25 /* OpenChatsShortcuts.swift */ = {isa = PBXFileReference; fileEncoding = 4; lastKnownFileType = sourcecode.swift; path = OpenChatsShortcuts.swift; sourceTree = "<group>"; };
		17EDD73E2C60F83B0078AE25 /* Font+.swift */ = {isa = PBXFileReference; fileEncoding = 4; lastKnownFileType = sourcecode.swift; path = "Font+.swift"; sourceTree = "<group>"; };
		17EDD7422C60F83B0078AE25 /* MessengerApp.swift */ = {isa = PBXFileReference; fileEncoding = 4; lastKnownFileType = sourcecode.swift; path = MessengerApp.swift; sourceTree = "<group>"; };
		17EDD7432C60F83B0078AE25 /* AppState.swift */ = {isa = PBXFileReference; fileEncoding = 4; lastKnownFileType = sourcecode.swift; path = AppState.swift; sourceTree = "<group>"; };
		17EDD7442C60F83B0078AE25 /* Logger.swift */ = {isa = PBXFileReference; fileEncoding = 4; lastKnownFileType = sourcecode.swift; path = Logger.swift; sourceTree = "<group>"; };
		17EDD7452C60F83B0078AE25 /* Router.swift */ = {isa = PBXFileReference; fileEncoding = 4; lastKnownFileType = sourcecode.swift; path = Router.swift; sourceTree = "<group>"; };
		17EDD7472C60F83C0078AE25 /* ContactDetailsViewModel.swift */ = {isa = PBXFileReference; fileEncoding = 4; lastKnownFileType = sourcecode.swift; path = ContactDetailsViewModel.swift; sourceTree = "<group>"; };
		17EDD7482C60F83C0078AE25 /* ContactRowViewModel.swift */ = {isa = PBXFileReference; fileEncoding = 4; lastKnownFileType = sourcecode.swift; path = ContactRowViewModel.swift; sourceTree = "<group>"; };
		17EDD7492C60F83C0078AE25 /* ContactsViewModel.swift */ = {isa = PBXFileReference; fileEncoding = 4; lastKnownFileType = sourcecode.swift; path = ContactsViewModel.swift; sourceTree = "<group>"; };
		17EDD74C2C60F83C0078AE25 /* CountryPickerViewModel.swift */ = {isa = PBXFileReference; fileEncoding = 4; lastKnownFileType = sourcecode.swift; path = CountryPickerViewModel.swift; sourceTree = "<group>"; };
		17EDD74D2C60F83C0078AE25 /* PrivacyPolicyViewModel.swift */ = {isa = PBXFileReference; fileEncoding = 4; lastKnownFileType = sourcecode.swift; path = PrivacyPolicyViewModel.swift; sourceTree = "<group>"; };
		17EDD74E2C60F83C0078AE25 /* ProfileAccountViewModel.swift */ = {isa = PBXFileReference; fileEncoding = 4; lastKnownFileType = sourcecode.swift; path = ProfileAccountViewModel.swift; sourceTree = "<group>"; };
		17EDD74F2C60F83C0078AE25 /* TermsOfUseViewModel.swift */ = {isa = PBXFileReference; fileEncoding = 4; lastKnownFileType = sourcecode.swift; path = TermsOfUseViewModel.swift; sourceTree = "<group>"; };
		17EDD7502C60F83C0078AE25 /* VerificationCodeViewModel.swift */ = {isa = PBXFileReference; fileEncoding = 4; lastKnownFileType = sourcecode.swift; path = VerificationCodeViewModel.swift; sourceTree = "<group>"; };
		17EDD7512C60F83C0078AE25 /* VerificationPhoneViewModel.swift */ = {isa = PBXFileReference; fileEncoding = 4; lastKnownFileType = sourcecode.swift; path = VerificationPhoneViewModel.swift; sourceTree = "<group>"; };
		17EDD7522C60F83C0078AE25 /* WalkthroughViewModel.swift */ = {isa = PBXFileReference; fileEncoding = 4; lastKnownFileType = sourcecode.swift; path = WalkthroughViewModel.swift; sourceTree = "<group>"; };
		17EDD7552C60F83C0078AE25 /* ContentView.swift */ = {isa = PBXFileReference; fileEncoding = 4; lastKnownFileType = sourcecode.swift; path = ContentView.swift; sourceTree = "<group>"; };
		7A8D188A2C824FA9006BBC66 /* UISystem */ = {isa = PBXFileReference; lastKnownFileType = wrapper; path = UISystem; sourceTree = "<group>"; };
/* End PBXFileReference section */

/* Begin PBXFrameworksBuildPhase section */
		17EDD6F72C60F8080078AE25 /* Frameworks */ = {
			isa = PBXFrameworksBuildPhase;
			buildActionMask = 2147483647;
			files = (
			);
			runOnlyForDeploymentPostprocessing = 0;
		};
/* End PBXFrameworksBuildPhase section */

/* Begin PBXGroup section */
		176160CD2C611FE600F588EE /* Fonts */ = {
			isa = PBXGroup;
			children = (
				176160BB2C611FE600F588EE /* SF-Pro-Display-Black.otf */,
				176160BC2C611FE600F588EE /* SF-Pro-Display-BlackItalic.otf */,
				176160BD2C611FE600F588EE /* SF-Pro-Display-Bold.otf */,
				176160BE2C611FE600F588EE /* SF-Pro-Display-BoldItalic.otf */,
				176160BF2C611FE600F588EE /* SF-Pro-Display-Heavy.otf */,
				176160C02C611FE600F588EE /* SF-Pro-Display-HeavyItalic.otf */,
				176160C12C611FE600F588EE /* SF-Pro-Display-Light.otf */,
				176160C22C611FE600F588EE /* SF-Pro-Display-LightItalic.otf */,
				176160C32C611FE600F588EE /* SF-Pro-Display-Medium.otf */,
				176160C42C611FE600F588EE /* SF-Pro-Display-MediumItalic.otf */,
				176160C52C611FE600F588EE /* SF-Pro-Display-Regular.otf */,
				176160C62C611FE600F588EE /* SF-Pro-Display-RegularItalic.otf */,
				176160C72C611FE600F588EE /* SF-Pro-Display-Semibold.otf */,
				176160C82C611FE600F588EE /* SF-Pro-Display-SemiboldItalic.otf */,
				176160C92C611FE600F588EE /* SF-Pro-Display-Thin.otf */,
				176160CA2C611FE600F588EE /* SF-Pro-Display-ThinItalic.otf */,
				176160CB2C611FE600F588EE /* SF-Pro-Display-Ultralight.otf */,
				176160CC2C611FE600F588EE /* SF-Pro-Display-UltralightItalic.otf */,
			);
			path = Fonts;
			sourceTree = "<group>";
		};
		176160CE2C611FE600F588EE /* Resources */ = {
			isa = PBXGroup;
			children = (
				172B2D692C6144CC00D37DDA /* Localizable.xcstrings */,
				17EDD73A2C60F83B0078AE25 /* Assets.xcassets */,
				176160CD2C611FE600F588EE /* Fonts */,
			);
			path = Resources;
			sourceTree = "<group>";
		};
		17EDD6F12C60F8080078AE25 = {
			isa = PBXGroup;
			children = (
				7A8D18892C824F61006BBC66 /* Modules */,
				17EDD6FC2C60F8080078AE25 /* Messenger */,
				17EDD6FB2C60F8080078AE25 /* Products */,
			);
			sourceTree = "<group>";
		};
		17EDD6FB2C60F8080078AE25 /* Products */ = {
			isa = PBXGroup;
			children = (
				17EDD6FA2C60F8080078AE25 /* Messenger.app */,
			);
			name = Products;
			sourceTree = "<group>";
		};
		17EDD6FC2C60F8080078AE25 /* Messenger */ = {
			isa = PBXGroup;
			children = (
				17EDD7422C60F83B0078AE25 /* MessengerApp.swift */,
				17EDD7552C60F83C0078AE25 /* ContentView.swift */,
				17EDD7112C60F8390078AE25 /* Models */,
				17EDD7462C60F83B0078AE25 /* Services */,
				17EDD7542C60F83C0078AE25 /* ViewModels */,
				17EDD7392C60F83B0078AE25 /* Views */,
				17EDD7412C60F83B0078AE25 /* Helpers */,
				17EDD73D2C60F83B0078AE25 /* Intents */,
				176160CE2C611FE600F588EE /* Resources */,
				17EDD7032C60F8090078AE25 /* Preview Content */,
			);
			path = Messenger;
			sourceTree = "<group>";
		};
		17EDD7032C60F8090078AE25 /* Preview Content */ = {
			isa = PBXGroup;
			children = (
				17EDD7042C60F8090078AE25 /* Preview Assets.xcassets */,
			);
			path = "Preview Content";
			sourceTree = "<group>";
		};
		17EDD7112C60F8390078AE25 /* Models */ = {
			isa = PBXGroup;
			children = (
				17EDD70B2C60F8390078AE25 /* Contact.swift */,
				17EDD70C2C60F8390078AE25 /* ContentSection.swift */,
				17EDD70D2C60F8390078AE25 /* Country.swift */,
				17EDD70E2C60F8390078AE25 /* NavigationItem.swift */,
				17EDD70F2C60F8390078AE25 /* Tab.swift */,
				17EDD7102C60F8390078AE25 /* User.swift */,
				1704676B2C62D7A400104536 /* VerificationData.swift */,
			);
			path = Models;
			sourceTree = "<group>";
		};
		17EDD7272C60F83B0078AE25 /* ChatsViews */ = {
			isa = PBXGroup;
			children = (
				17EDD7262C60F83B0078AE25 /* ChatsView.swift */,
			);
			path = ChatsViews;
			sourceTree = "<group>";
		};
		17EDD72B2C60F83B0078AE25 /* ContactsViews */ = {
			isa = PBXGroup;
			children = (
				17EDD7282C60F83B0078AE25 /* ContactDetailsView.swift */,
				17EDD7292C60F83B0078AE25 /* ContactRowView.swift */,
				17EDD72A2C60F83B0078AE25 /* ContactsView.swift */,
			);
			path = ContactsViews;
			sourceTree = "<group>";
		};
		17EDD72D2C60F83B0078AE25 /* MoreViews */ = {
			isa = PBXGroup;
			children = (
				17EDD72C2C60F83B0078AE25 /* MoreView.swift */,
			);
			path = MoreViews;
			sourceTree = "<group>";
		};
		17EDD72F2C60F83B0078AE25 /* MainViews */ = {
			isa = PBXGroup;
			children = (
				17EDD7272C60F83B0078AE25 /* ChatsViews */,
				17EDD72B2C60F83B0078AE25 /* ContactsViews */,
				17EDD72D2C60F83B0078AE25 /* MoreViews */,
				17EDD72E2C60F83B0078AE25 /* PrimaryView.swift */,
			);
			path = MainViews;
			sourceTree = "<group>";
		};
		17EDD7382C60F83B0078AE25 /* RegistrationViews */ = {
			isa = PBXGroup;
			children = (
				17EDD7302C60F83B0078AE25 /* CodeDigitView.swift */,
				17EDD7312C60F83B0078AE25 /* CountryPickerView.swift */,
				17EDD7322C60F83B0078AE25 /* PrivacyPolicyView.swift */,
				17EDD7332C60F83B0078AE25 /* ProfileAccountView.swift */,
				17EDD7342C60F83B0078AE25 /* TermsOfUseView.swift */,
				17EDD7352C60F83B0078AE25 /* VerificationCodeView.swift */,
				17EDD7362C60F83B0078AE25 /* VerificationPhoneView.swift */,
				17EDD7372C60F83B0078AE25 /* WalkthroughView.swift */,
			);
			path = RegistrationViews;
			sourceTree = "<group>";
		};
		17EDD7392C60F83B0078AE25 /* Views */ = {
			isa = PBXGroup;
			children = (
				17EDD7382C60F83B0078AE25 /* RegistrationViews */,
				17EDD72F2C60F83B0078AE25 /* MainViews */,
			);
			path = Views;
			sourceTree = "<group>";
		};
		17EDD73D2C60F83B0078AE25 /* Intents */ = {
			isa = PBXGroup;
			children = (
				17EDD73B2C60F83B0078AE25 /* OpenChatsIntent.swift */,
				17EDD73C2C60F83B0078AE25 /* OpenChatsShortcuts.swift */,
			);
			path = Intents;
			sourceTree = "<group>";
		};
		17EDD73F2C60F83B0078AE25 /* Extensions */ = {
			isa = PBXGroup;
			children = (
				17EDD73E2C60F83B0078AE25 /* Font+.swift */,
			);
			path = Extensions;
			sourceTree = "<group>";
		};
		17EDD7412C60F83B0078AE25 /* Helpers */ = {
			isa = PBXGroup;
			children = (
				17EDD73F2C60F83B0078AE25 /* Extensions */,
			);
			path = Helpers;
			sourceTree = "<group>";
		};
		17EDD7462C60F83B0078AE25 /* Services */ = {
			isa = PBXGroup;
			children = (
				17EDD7432C60F83B0078AE25 /* AppState.swift */,
				17EDD7442C60F83B0078AE25 /* Logger.swift */,
				17EDD7452C60F83B0078AE25 /* Router.swift */,
			);
			path = Services;
			sourceTree = "<group>";
		};
		17EDD74A2C60F83C0078AE25 /* ContactsViewModels */ = {
			isa = PBXGroup;
			children = (
				17EDD7472C60F83C0078AE25 /* ContactDetailsViewModel.swift */,
				17EDD7482C60F83C0078AE25 /* ContactRowViewModel.swift */,
				17EDD7492C60F83C0078AE25 /* ContactsViewModel.swift */,
			);
			path = ContactsViewModels;
			sourceTree = "<group>";
		};
		17EDD74B2C60F83C0078AE25 /* MainViewModels */ = {
			isa = PBXGroup;
			children = (
				17EDD74A2C60F83C0078AE25 /* ContactsViewModels */,
			);
			path = MainViewModels;
			sourceTree = "<group>";
		};
		17EDD7532C60F83C0078AE25 /* RegistrationViewModels */ = {
			isa = PBXGroup;
			children = (
				17EDD74C2C60F83C0078AE25 /* CountryPickerViewModel.swift */,
				17EDD74D2C60F83C0078AE25 /* PrivacyPolicyViewModel.swift */,
				17EDD74E2C60F83C0078AE25 /* ProfileAccountViewModel.swift */,
				17EDD74F2C60F83C0078AE25 /* TermsOfUseViewModel.swift */,
				17EDD7502C60F83C0078AE25 /* VerificationCodeViewModel.swift */,
				17EDD7512C60F83C0078AE25 /* VerificationPhoneViewModel.swift */,
				17EDD7522C60F83C0078AE25 /* WalkthroughViewModel.swift */,
			);
			path = RegistrationViewModels;
			sourceTree = "<group>";
		};
		17EDD7542C60F83C0078AE25 /* ViewModels */ = {
			isa = PBXGroup;
			children = (
				17EDD7532C60F83C0078AE25 /* RegistrationViewModels */,
				17EDD74B2C60F83C0078AE25 /* MainViewModels */,
			);
			path = ViewModels;
			sourceTree = "<group>";
		};
		7A8D18892C824F61006BBC66 /* Modules */ = {
			isa = PBXGroup;
			children = (
				7A8D188A2C824FA9006BBC66 /* UISystem */,
			);
			path = Modules;
			sourceTree = "<group>";
		};
/* End PBXGroup section */

/* Begin PBXNativeTarget section */
		17EDD6F92C60F8080078AE25 /* Messenger */ = {
			isa = PBXNativeTarget;
			buildConfigurationList = 17EDD7082C60F8090078AE25 /* Build configuration list for PBXNativeTarget "Messenger" */;
			buildPhases = (
				17EDD6F62C60F8080078AE25 /* Sources */,
				17EDD6F72C60F8080078AE25 /* Frameworks */,
				17EDD6F82C60F8080078AE25 /* Resources */,
			);
			buildRules = (
			);
			dependencies = (
			);
			name = Messenger;
			productName = Messenger;
			productReference = 17EDD6FA2C60F8080078AE25 /* Messenger.app */;
			productType = "com.apple.product-type.application";
		};
/* End PBXNativeTarget section */

/* Begin PBXProject section */
		17EDD6F22C60F8080078AE25 /* Project object */ = {
			isa = PBXProject;
			attributes = {
				BuildIndependentTargetsInParallel = 1;
				LastSwiftUpdateCheck = 1540;
				LastUpgradeCheck = 1540;
				TargetAttributes = {
					17EDD6F92C60F8080078AE25 = {
						CreatedOnToolsVersion = 15.4;
						LastSwiftMigration = 1540;
					};
				};
			};
			buildConfigurationList = 17EDD6F52C60F8080078AE25 /* Build configuration list for PBXProject "Messenger" */;
			compatibilityVersion = "Xcode 14.0";
			developmentRegion = en;
			hasScannedForEncodings = 0;
			knownRegions = (
				en,
				Base,
				"en-US",
				"ru-RU",
			);
			mainGroup = 17EDD6F12C60F8080078AE25;
			productRefGroup = 17EDD6FB2C60F8080078AE25 /* Products */;
			projectDirPath = "";
			projectRoot = "";
			targets = (
				17EDD6F92C60F8080078AE25 /* Messenger */,
			);
		};
/* End PBXProject section */

/* Begin PBXResourcesBuildPhase section */
		17EDD6F82C60F8080078AE25 /* Resources */ = {
			isa = PBXResourcesBuildPhase;
			buildActionMask = 2147483647;
			files = (
				176160DD2C611FE600F588EE /* SF-Pro-Display-Thin.otf in Resources */,
				176160D02C611FE600F588EE /* SF-Pro-Display-BlackItalic.otf in Resources */,
				17EDD7052C60F8090078AE25 /* Preview Assets.xcassets in Resources */,
				176160DE2C611FE600F588EE /* SF-Pro-Display-ThinItalic.otf in Resources */,
				176160DC2C611FE600F588EE /* SF-Pro-Display-SemiboldItalic.otf in Resources */,
				172B2D6A2C6144CC00D37DDA /* Localizable.xcstrings in Resources */,
				176160E02C611FE600F588EE /* SF-Pro-Display-UltralightItalic.otf in Resources */,
				176160D52C611FE600F588EE /* SF-Pro-Display-Light.otf in Resources */,
				176160D62C611FE600F588EE /* SF-Pro-Display-LightItalic.otf in Resources */,
				176160D32C611FE600F588EE /* SF-Pro-Display-Heavy.otf in Resources */,
				176160DB2C611FE600F588EE /* SF-Pro-Display-Semibold.otf in Resources */,
				176160D72C611FE600F588EE /* SF-Pro-Display-Medium.otf in Resources */,
				176160DA2C611FE600F588EE /* SF-Pro-Display-RegularItalic.otf in Resources */,
				176160D12C611FE600F588EE /* SF-Pro-Display-Bold.otf in Resources */,
				176160DF2C611FE600F588EE /* SF-Pro-Display-Ultralight.otf in Resources */,
				176160D82C611FE600F588EE /* SF-Pro-Display-MediumItalic.otf in Resources */,
				176160D42C611FE600F588EE /* SF-Pro-Display-HeavyItalic.otf in Resources */,
				176160CF2C611FE600F588EE /* SF-Pro-Display-Black.otf in Resources */,
				176160D92C611FE600F588EE /* SF-Pro-Display-Regular.otf in Resources */,
				17EDD77C2C60F83C0078AE25 /* Assets.xcassets in Resources */,
				176160D22C611FE600F588EE /* SF-Pro-Display-BoldItalic.otf in Resources */,
			);
			runOnlyForDeploymentPostprocessing = 0;
		};
/* End PBXResourcesBuildPhase section */

/* Begin PBXSourcesBuildPhase section */
		17EDD6F62C60F8080078AE25 /* Sources */ = {
			isa = PBXSourcesBuildPhase;
			buildActionMask = 2147483647;
			files = (
				17EDD76F2C60F83C0078AE25 /* ContactDetailsView.swift in Sources */,
				17EDD7862C60F83C0078AE25 /* ContactsViewModel.swift in Sources */,
				17EDD76E2C60F83C0078AE25 /* ChatsView.swift in Sources */,
				17EDD7892C60F83C0078AE25 /* ProfileAccountViewModel.swift in Sources */,
				17EDD7562C60F83C0078AE25 /* Contact.swift in Sources */,
				17EDD7852C60F83C0078AE25 /* ContactRowViewModel.swift in Sources */,
				17EDD77B2C60F83C0078AE25 /* WalkthroughView.swift in Sources */,
				17EDD78A2C60F83C0078AE25 /* TermsOfUseViewModel.swift in Sources */,
				17EDD78E2C60F83C0078AE25 /* ContentView.swift in Sources */,
				17EDD7832C60F83C0078AE25 /* Router.swift in Sources */,
				17EDD7782C60F83C0078AE25 /* TermsOfUseView.swift in Sources */,
				17EDD7842C60F83C0078AE25 /* ContactDetailsViewModel.swift in Sources */,
				17EDD7762C60F83C0078AE25 /* PrivacyPolicyView.swift in Sources */,
				17EDD7732C60F83C0078AE25 /* PrimaryView.swift in Sources */,
				17EDD78B2C60F83C0078AE25 /* VerificationCodeViewModel.swift in Sources */,
				17EDD7802C60F83C0078AE25 /* MessengerApp.swift in Sources */,
				17EDD78D2C60F83C0078AE25 /* WalkthroughViewModel.swift in Sources */,
				17EDD7712C60F83C0078AE25 /* ContactsView.swift in Sources */,
				17EDD78C2C60F83C0078AE25 /* VerificationPhoneViewModel.swift in Sources */,
				17EDD7822C60F83C0078AE25 /* Logger.swift in Sources */,
				17EDD77D2C60F83C0078AE25 /* OpenChatsIntent.swift in Sources */,
				17EDD7582C60F83C0078AE25 /* Country.swift in Sources */,
				17EDD77F2C60F83C0078AE25 /* Font+.swift in Sources */,
				17EDD7882C60F83C0078AE25 /* PrivacyPolicyViewModel.swift in Sources */,
				17EDD75B2C60F83C0078AE25 /* User.swift in Sources */,
				17EDD7752C60F83C0078AE25 /* CountryPickerView.swift in Sources */,
				17EDD75A2C60F83C0078AE25 /* Tab.swift in Sources */,
				17EDD7872C60F83C0078AE25 /* CountryPickerViewModel.swift in Sources */,
				17EDD7592C60F83C0078AE25 /* NavigationItem.swift in Sources */,
				17EDD7812C60F83C0078AE25 /* AppState.swift in Sources */,
				1704676C2C62D7A400104536 /* VerificationData.swift in Sources */,
				17EDD7792C60F83C0078AE25 /* VerificationCodeView.swift in Sources */,
				17EDD7702C60F83C0078AE25 /* ContactRowView.swift in Sources */,
				17EDD77A2C60F83C0078AE25 /* VerificationPhoneView.swift in Sources */,
				17EDD7772C60F83C0078AE25 /* ProfileAccountView.swift in Sources */,
				17EDD7722C60F83C0078AE25 /* MoreView.swift in Sources */,
				17EDD77E2C60F83C0078AE25 /* OpenChatsShortcuts.swift in Sources */,
				17EDD7742C60F83C0078AE25 /* CodeDigitView.swift in Sources */,
				17EDD7572C60F83C0078AE25 /* ContentSection.swift in Sources */,
			);
			runOnlyForDeploymentPostprocessing = 0;
		};
/* End PBXSourcesBuildPhase section */

/* Begin XCBuildConfiguration section */
		17EDD7062C60F8090078AE25 /* Debug */ = {
			isa = XCBuildConfiguration;
			buildSettings = {
				ALWAYS_SEARCH_USER_PATHS = NO;
				ASSETCATALOG_COMPILER_GENERATE_SWIFT_ASSET_SYMBOL_EXTENSIONS = YES;
				CLANG_ANALYZER_NONNULL = YES;
				CLANG_ANALYZER_NUMBER_OBJECT_CONVERSION = YES_AGGRESSIVE;
				CLANG_CXX_LANGUAGE_STANDARD = "gnu++20";
				CLANG_ENABLE_MODULES = YES;
				CLANG_ENABLE_OBJC_ARC = YES;
				CLANG_ENABLE_OBJC_WEAK = YES;
				CLANG_WARN_BLOCK_CAPTURE_AUTORELEASING = YES;
				CLANG_WARN_BOOL_CONVERSION = YES;
				CLANG_WARN_COMMA = YES;
				CLANG_WARN_CONSTANT_CONVERSION = YES;
				CLANG_WARN_DEPRECATED_OBJC_IMPLEMENTATIONS = YES;
				CLANG_WARN_DIRECT_OBJC_ISA_USAGE = YES_ERROR;
				CLANG_WARN_DOCUMENTATION_COMMENTS = YES;
				CLANG_WARN_EMPTY_BODY = YES;
				CLANG_WARN_ENUM_CONVERSION = YES;
				CLANG_WARN_INFINITE_RECURSION = YES;
				CLANG_WARN_INT_CONVERSION = YES;
				CLANG_WARN_NON_LITERAL_NULL_CONVERSION = YES;
				CLANG_WARN_OBJC_IMPLICIT_RETAIN_SELF = YES;
				CLANG_WARN_OBJC_LITERAL_CONVERSION = YES;
				CLANG_WARN_OBJC_ROOT_CLASS = YES_ERROR;
				CLANG_WARN_QUOTED_INCLUDE_IN_FRAMEWORK_HEADER = YES;
				CLANG_WARN_RANGE_LOOP_ANALYSIS = YES;
				CLANG_WARN_STRICT_PROTOTYPES = YES;
				CLANG_WARN_SUSPICIOUS_MOVE = YES;
				CLANG_WARN_UNGUARDED_AVAILABILITY = YES_AGGRESSIVE;
				CLANG_WARN_UNREACHABLE_CODE = YES;
				CLANG_WARN__DUPLICATE_METHOD_MATCH = YES;
				COPY_PHASE_STRIP = NO;
				DEBUG_INFORMATION_FORMAT = dwarf;
				ENABLE_STRICT_OBJC_MSGSEND = YES;
				ENABLE_TESTABILITY = YES;
				ENABLE_USER_SCRIPT_SANDBOXING = YES;
				GCC_C_LANGUAGE_STANDARD = gnu17;
				GCC_DYNAMIC_NO_PIC = NO;
				GCC_NO_COMMON_BLOCKS = YES;
				GCC_OPTIMIZATION_LEVEL = 0;
				GCC_PREPROCESSOR_DEFINITIONS = (
					"DEBUG=1",
					"$(inherited)",
				);
				GCC_WARN_64_TO_32_BIT_CONVERSION = YES;
				GCC_WARN_ABOUT_RETURN_TYPE = YES_ERROR;
				GCC_WARN_UNDECLARED_SELECTOR = YES;
				GCC_WARN_UNINITIALIZED_AUTOS = YES_AGGRESSIVE;
				GCC_WARN_UNUSED_FUNCTION = YES;
				GCC_WARN_UNUSED_VARIABLE = YES;
				IPHONEOS_DEPLOYMENT_TARGET = 17.5;
				LOCALIZATION_PREFERS_STRING_CATALOGS = YES;
				MTL_ENABLE_DEBUG_INFO = INCLUDE_SOURCE;
				MTL_FAST_MATH = YES;
				ONLY_ACTIVE_ARCH = YES;
				SDKROOT = iphoneos;
				SWIFT_ACTIVE_COMPILATION_CONDITIONS = "DEBUG $(inherited)";
				SWIFT_OPTIMIZATION_LEVEL = "-Onone";
			};
			name = Debug;
		};
		17EDD7072C60F8090078AE25 /* Release */ = {
			isa = XCBuildConfiguration;
			buildSettings = {
				ALWAYS_SEARCH_USER_PATHS = NO;
				ASSETCATALOG_COMPILER_GENERATE_SWIFT_ASSET_SYMBOL_EXTENSIONS = YES;
				CLANG_ANALYZER_NONNULL = YES;
				CLANG_ANALYZER_NUMBER_OBJECT_CONVERSION = YES_AGGRESSIVE;
				CLANG_CXX_LANGUAGE_STANDARD = "gnu++20";
				CLANG_ENABLE_MODULES = YES;
				CLANG_ENABLE_OBJC_ARC = YES;
				CLANG_ENABLE_OBJC_WEAK = YES;
				CLANG_WARN_BLOCK_CAPTURE_AUTORELEASING = YES;
				CLANG_WARN_BOOL_CONVERSION = YES;
				CLANG_WARN_COMMA = YES;
				CLANG_WARN_CONSTANT_CONVERSION = YES;
				CLANG_WARN_DEPRECATED_OBJC_IMPLEMENTATIONS = YES;
				CLANG_WARN_DIRECT_OBJC_ISA_USAGE = YES_ERROR;
				CLANG_WARN_DOCUMENTATION_COMMENTS = YES;
				CLANG_WARN_EMPTY_BODY = YES;
				CLANG_WARN_ENUM_CONVERSION = YES;
				CLANG_WARN_INFINITE_RECURSION = YES;
				CLANG_WARN_INT_CONVERSION = YES;
				CLANG_WARN_NON_LITERAL_NULL_CONVERSION = YES;
				CLANG_WARN_OBJC_IMPLICIT_RETAIN_SELF = YES;
				CLANG_WARN_OBJC_LITERAL_CONVERSION = YES;
				CLANG_WARN_OBJC_ROOT_CLASS = YES_ERROR;
				CLANG_WARN_QUOTED_INCLUDE_IN_FRAMEWORK_HEADER = YES;
				CLANG_WARN_RANGE_LOOP_ANALYSIS = YES;
				CLANG_WARN_STRICT_PROTOTYPES = YES;
				CLANG_WARN_SUSPICIOUS_MOVE = YES;
				CLANG_WARN_UNGUARDED_AVAILABILITY = YES_AGGRESSIVE;
				CLANG_WARN_UNREACHABLE_CODE = YES;
				CLANG_WARN__DUPLICATE_METHOD_MATCH = YES;
				COPY_PHASE_STRIP = NO;
				DEBUG_INFORMATION_FORMAT = "dwarf-with-dsym";
				ENABLE_NS_ASSERTIONS = NO;
				ENABLE_STRICT_OBJC_MSGSEND = YES;
				ENABLE_USER_SCRIPT_SANDBOXING = YES;
				GCC_C_LANGUAGE_STANDARD = gnu17;
				GCC_NO_COMMON_BLOCKS = YES;
				GCC_WARN_64_TO_32_BIT_CONVERSION = YES;
				GCC_WARN_ABOUT_RETURN_TYPE = YES_ERROR;
				GCC_WARN_UNDECLARED_SELECTOR = YES;
				GCC_WARN_UNINITIALIZED_AUTOS = YES_AGGRESSIVE;
				GCC_WARN_UNUSED_FUNCTION = YES;
				GCC_WARN_UNUSED_VARIABLE = YES;
				IPHONEOS_DEPLOYMENT_TARGET = 17.5;
				LOCALIZATION_PREFERS_STRING_CATALOGS = YES;
				MTL_ENABLE_DEBUG_INFO = NO;
				MTL_FAST_MATH = YES;
				SDKROOT = iphoneos;
				SWIFT_COMPILATION_MODE = wholemodule;
				VALIDATE_PRODUCT = YES;
			};
			name = Release;
		};
		17EDD7092C60F8090078AE25 /* Debug */ = {
			isa = XCBuildConfiguration;
			buildSettings = {
				ASSETCATALOG_COMPILER_APPICON_NAME = AppIcon;
				ASSETCATALOG_COMPILER_GLOBAL_ACCENT_COLOR_NAME = AccentColor;
				CLANG_ENABLE_MODULES = YES;
				CODE_SIGN_STYLE = Automatic;
				CURRENT_PROJECT_VERSION = 1;
				DEVELOPMENT_ASSET_PATHS = "\"Messenger/Preview Content\"";
				ENABLE_PREVIEWS = YES;
				GENERATE_INFOPLIST_FILE = YES;
				INFOPLIST_KEY_UIApplicationSceneManifest_Generation = YES;
				INFOPLIST_KEY_UIApplicationSupportsIndirectInputEvents = YES;
				INFOPLIST_KEY_UILaunchScreen_Generation = YES;
				INFOPLIST_KEY_UISupportedInterfaceOrientations_iPad = "UIInterfaceOrientationPortrait UIInterfaceOrientationPortraitUpsideDown UIInterfaceOrientationLandscapeLeft UIInterfaceOrientationLandscapeRight";
				INFOPLIST_KEY_UISupportedInterfaceOrientations_iPhone = "UIInterfaceOrientationPortrait UIInterfaceOrientationLandscapeLeft UIInterfaceOrientationLandscapeRight";
				LD_RUNPATH_SEARCH_PATHS = (
					"$(inherited)",
					"@executable_path/Frameworks",
				);
				MARKETING_VERSION = 1.0;
				PRODUCT_BUNDLE_IDENTIFIER = com.example.Messenger;
				PRODUCT_NAME = "$(TARGET_NAME)";
				SWIFT_EMIT_LOC_STRINGS = YES;
				SWIFT_OPTIMIZATION_LEVEL = "-Onone";
				SWIFT_VERSION = 5.0;
				TARGETED_DEVICE_FAMILY = "1,2";
			};
			name = Debug;
		};
		17EDD70A2C60F8090078AE25 /* Release */ = {
			isa = XCBuildConfiguration;
			buildSettings = {
				ASSETCATALOG_COMPILER_APPICON_NAME = AppIcon;
				ASSETCATALOG_COMPILER_GLOBAL_ACCENT_COLOR_NAME = AccentColor;
				CLANG_ENABLE_MODULES = YES;
				CODE_SIGN_STYLE = Automatic;
				CURRENT_PROJECT_VERSION = 1;
				DEVELOPMENT_ASSET_PATHS = "\"Messenger/Preview Content\"";
				ENABLE_PREVIEWS = YES;
				GENERATE_INFOPLIST_FILE = YES;
				INFOPLIST_KEY_UIApplicationSceneManifest_Generation = YES;
				INFOPLIST_KEY_UIApplicationSupportsIndirectInputEvents = YES;
				INFOPLIST_KEY_UILaunchScreen_Generation = YES;
				INFOPLIST_KEY_UISupportedInterfaceOrientations_iPad = "UIInterfaceOrientationPortrait UIInterfaceOrientationPortraitUpsideDown UIInterfaceOrientationLandscapeLeft UIInterfaceOrientationLandscapeRight";
				INFOPLIST_KEY_UISupportedInterfaceOrientations_iPhone = "UIInterfaceOrientationPortrait UIInterfaceOrientationLandscapeLeft UIInterfaceOrientationLandscapeRight";
				LD_RUNPATH_SEARCH_PATHS = (
					"$(inherited)",
					"@executable_path/Frameworks",
				);
				MARKETING_VERSION = 1.0;
				PRODUCT_BUNDLE_IDENTIFIER = com.example.Messenger;
				PRODUCT_NAME = "$(TARGET_NAME)";
				SWIFT_EMIT_LOC_STRINGS = YES;
				SWIFT_VERSION = 5.0;
				TARGETED_DEVICE_FAMILY = "1,2";
			};
			name = Release;
		};
/* End XCBuildConfiguration section */

/* Begin XCConfigurationList section */
		17EDD6F52C60F8080078AE25 /* Build configuration list for PBXProject "Messenger" */ = {
			isa = XCConfigurationList;
			buildConfigurations = (
				17EDD7062C60F8090078AE25 /* Debug */,
				17EDD7072C60F8090078AE25 /* Release */,
			);
			defaultConfigurationIsVisible = 0;
			defaultConfigurationName = Release;
		};
		17EDD7082C60F8090078AE25 /* Build configuration list for PBXNativeTarget "Messenger" */ = {
			isa = XCConfigurationList;
			buildConfigurations = (
				17EDD7092C60F8090078AE25 /* Debug */,
				17EDD70A2C60F8090078AE25 /* Release */,
			);
			defaultConfigurationIsVisible = 0;
			defaultConfigurationName = Release;
		};
/* End XCConfigurationList section */
	};
	rootObject = 17EDD6F22C60F8080078AE25 /* Project object */;
}
